{
  "nodes": {
    "arkos-sysroot": {
      "flake": false,
      "locked": {
        "lastModified": 1787339014,
        "narHash": "sha256-vdc15JmtewgOwZPk8PfWZzM+t19P6YlRfe2Jp02+ycg=",
        "owner": "grumnix",
        "repo": "arkos-sysroot",
        "rev": "3d2a98fe2fdff123fe4c6c7c7e9f6c0150c99a1c",
        "type": "github"
      },
      "original": {
        "owner": "grumnix",
        "repo": "arkos-sysroot",
        "type": "github"
      }
    },
    "nixpkgs": {
      "locked": {
        "lastModified": 1791260994,
        "narHash": "sha256-Miqqk/ammqnTUxaoCyvtwoPeLbI1ksFyLxi/CazZpWY=",
        "owner": "NixOS",
        "repo": "nixpkgs",
        "rev": "151fa4e8ddfdd8dd25d945ad94ed54a13de9f6e4",
        "type": "github"
      },
      "original": {
        "owner": "NixOS",
        "ref": "nixos-unstable",
        "repo": "nixpkgs",
        "type": "github"
      }
    },
    "root": {
      "inputs": {
        "arkos-sysroot": "arkos-sysroot",
        "nixpkgs": "nixpkgs"
      }
    }
  },
  "root": "root",
  "version": 7
}
